
Microsoft Visual Studio Solution File, Format Version 12.00
# Visual Studio Version 17
VisualStudioVersion = 17.13.35913.81
MinimumVisualStudioVersion = 10.0.40219.1
Project("{FAE04EC0-301F-11D3-BF4B-00C04F79EFBC}") = "BLL", "BLL\BLL.csproj", "{118ABE4F-D507-4409-BCF8-F3CBE0695010}"
EndProject
Project("{FAE04EC0-301F-11D3-BF4B-00C04F79EFBC}") = "DAL", "DAL\DAL.csproj", "{0FD18B9A-A3C9-4E6C-89D4-17EEB66272C9}"
EndProject
Project("{FAE04EC0-301F-11D3-BF4B-00C04F79EFBC}") = "Domain", "Domain\Domain.csproj", "{5F8C9D58-A9A0-48A9-88C5-B08040F837CD}"
EndProject
Project("{FAE04EC0-301F-11D3-BF4B-00C04F79EFBC}") = "API", "API\API.csproj", "{4E01D8B2-7E81-41B8-AB7A-7F6E0A3A2D3B}"
EndProject
Project("{FAE04EC0-301F-11D3-BF4B-00C04F79EFBC}") = "Tests", "Tests\Tests.csproj", "{23DBF490-F4EB-4E30-8C4C-AA943AEF09F4}"
EndProject
Global
	GlobalSection(SolutionConfigurationPlatforms) = preSolution
		Debug|Any CPU = Debug|Any CPU
		Release|Any CPU = Release|Any CPU
	EndGlobalSection
	GlobalSection(ProjectConfigurationPlatforms) = postSolution
		{118ABE4F-D507-4409-BCF8-F3CBE0695010}.Debug|Any CPU.ActiveCfg = Debug|Any CPU
		{118ABE4F-D507-4409-BCF8-F3CBE0695010}.Debug|Any CPU.Build.0 = Debug|Any CPU
		{118ABE4F-D507-4409-BCF8-F3CBE0695010}.Release|Any CPU.ActiveCfg = Release|Any CPU
		{118ABE4F-D507-4409-BCF8-F3CBE0695010}.Release|Any CPU.Build.0 = Release|Any CPU
		{0FD18B9A-A3C9-4E6C-89D4-17EEB66272C9}.Debug|Any CPU.ActiveCfg = Debug|Any CPU
		{0FD18B9A-A3C9-4E6C-89D4-17EEB66272C9}.Debug|Any CPU.Build.0 = Debug|Any CPU
		{0FD18B9A-A3C9-4E6C-89D4-17EEB66272C9}.Release|Any CPU.ActiveCfg = Release|Any CPU
		{0FD18B9A-A3C9-4E6C-89D4-17EEB66272C9}.Release|Any CPU.Build.0 = Release|Any CPU
		{5F8C9D58-A9A0-48A9-88C5-B08040F837CD}.Debug|Any CPU.ActiveCfg = Debug|Any CPU
		{5F8C9D58-A9A0-48A9-88C5-B08040F837CD}.Debug|Any CPU.Build.0 = Debug|Any CPU
		{5F8C9D58-A9A0-48A9-88C5-B08040F837CD}.Release|Any CPU.ActiveCfg = Release|Any CPU
		{5F8C9D58-A9A0-48A9-88C5-B08040F837CD}.Release|Any CPU.Build.0 = Release|Any CPU
		{4E01D8B2-7E81-41B8-AB7A-7F6E0A3A2D3B}.Debug|Any CPU.ActiveCfg = Debug|Any CPU
		{4E01D8B2-7E81-41B8-AB7A-7F6E0A3A2D3B}.Debug|Any CPU.Build.0 = Debug|Any CPU
		{4E01D8B2-7E81-41B8-AB7A-7F6E0A3A2D3B}.Release|Any CPU.ActiveCfg = Release|Any CPU
		{4E01D8B2-7E81-41B8-AB7A-7F6E0A3A2D3B}.Release|Any CPU.Build.0 = Release|Any CPU
		{23DBF490-F4EB-4E30-8C4C-AA943AEF09F4}.Debug|Any CPU.ActiveCfg = Debug|Any CPU
		{23DBF490-F4EB-4E30-8C4C-AA943AEF09F4}.Debug|Any CPU.Build.0 = Debug|Any CPU
		{23DBF490-F4EB-4E30-8C4C-AA943AEF09F4}.Release|Any CPU.ActiveCfg = Release|Any CPU
		{23DBF490-F4EB-4E30-8C4C-AA943AEF09F4}.Release|Any CPU.Build.0 = Release|Any CPU
	EndGlobalSection
	GlobalSection(SolutionProperties) = preSolution
		HideSolutionNode = FALSE
	EndGlobalSection
	GlobalSection(ExtensibilityGlobals) = postSolution
		SolutionGuid = {3B13A9E6-A5F4-4354-8AE8-8EAC8A7BD5A4}
	EndGlobalSection
EndGlobal
